{
    "_readme": [
        "This file locks the dependencies of your project to a known state",
        "Read more about it at https://getcomposer.org/doc/01-basic-usage.md#composer-lock-the-lock-file",
        "This file is @generated automatically"
    ],
    "content-hash": "0389297005f1ce11f86e5a4928e44814",
    "packages": [
        {
            "name": "web-atrio/php-pdf-to-image",
            "version": "0.1",
            "source": {
                "type": "git",
                "url": "https://github.com/steve-ferrero/php-pdf-to-image.git",
                "reference": "d37abea6045d12709f8b7d574dcd6d285f7586d6"
            },
            "dist": {
                "type": "zip",
                "url": "https://api.github.com/repos/steve-ferrero/php-pdf-to-image/zipball/d37abea6045d12709f8b7d574dcd6d285f7586d6",
                "reference": "d37abea6045d12709f8b7d574dcd6d285f7586d6",
                "shasum": ""
            },
            "type": "php",
            "autoload": {
                "psr-4": {
                    "WebAtrio\\PDFToImage\\": ""
                }
            },
            "notification-url": "https://packagist.org/downloads/",
            "license": [
                "MIT"
            ],
            "authors": [
                {
                    "name": "Steve Ferrero",
                    "email": "steve.ferrero@web-atrio.com"
                }
            ],
            "description": "PHP pdf to image converter",
            "time": "2017-10-13T12:28:38+00:00"
        },
        {
            "name": "web-atrio/tesseract-php",
            "version": "dev-master",
            "source": {
                "type": "git",
                "url": "https://github.com/steve-ferrero/tesseract-php.git",
                "reference": "0e0477e86f5c18e8fec8b31d58b9ca795127d220"
            },
            "dist": {
                "type": "zip",
                "url": "https://api.github.com/repos/steve-ferrero/tesseract-php/zipball/0e0477e86f5c18e8fec8b31d58b9ca795127d220",
                "reference": "0e0477e86f5c18e8fec8b31d58b9ca795127d220",
                "shasum": ""
            },
            "require": {
                "web-atrio/php-pdf-to-image": "^0.1.0"
            },
            "type": "php",
            "autoload": {
                "psr-4": {
                    "WebAtrio\\TesseractPHP\\": ""
                }
            },
            "notification-url": "https://packagist.org/downloads/",
            "license": [
                "MIT"
            ],
            "authors": [
                {
                    "name": "Steve Ferrero",
                    "email": "steve.ferrero@web-atrio.com"
                }
            ],
            "description": "PHP class for Tesseract command line",
            "time": "2017-10-13 13:45:22"
        }
    ],
    "packages-dev": [],
    "aliases": [],
    "minimum-stability": "dev",
    "stability-flags": [],
    "prefer-stable": false,
    "prefer-lowest": false,
    "platform": [],
    "platform-dev": []
}
